
Microsoft Visual Studio Solution File, Format Version 12.00
# Visual Studio Version 17
VisualStudioVersion = 17.9.34728.123
MinimumVisualStudioVersion = 10.0.40219.1
Project("{FAE04EC0-301F-11D3-BF4B-00C04F79EFBC}") = "ApiPelicula", "ApiPelicula\ApiPelicula.csproj", "{30F6E85E-6F1B-4DC5-8037-EEE9CFB27CFC}"
EndProject
Global
	GlobalSection(SolutionConfigurationPlatforms) = preSolution
		Debug|Any CPU = Debug|Any CPU
		Release|Any CPU = Release|Any CPU
	EndGlobalSection
	GlobalSection(ProjectConfigurationPlatforms) = postSolution
		{30F6E85E-6F1B-4DC5-8037-EEE9CFB27CFC}.Debug|Any CPU.ActiveCfg = Debug|Any CPU
		{30F6E85E-6F1B-4DC5-8037-EEE9CFB27CFC}.Debug|Any CPU.Build.0 = Debug|Any CPU
		{30F6E85E-6F1B-4DC5-8037-EEE9CFB27CFC}.Release|Any CPU.ActiveCfg = Release|Any CPU
		{30F6E85E-6F1B-4DC5-8037-EEE9CFB27CFC}.Release|Any CPU.Build.0 = Release|Any CPU
	EndGlobalSection
	GlobalSection(SolutionProperties) = preSolution
		HideSolutionNode = FALSE
	EndGlobalSection
	GlobalSection(ExtensibilityGlobals) = postSolution
		SolutionGuid = {5B20314A-E35F-4441-9CA5-8BFEBDC96EB5}
	EndGlobalSection
EndGlobal
